
Microsoft Visual Studio Solution File, Format Version 12.00
# Visual Studio 15
VisualStudioVersion = 15.0.28307.136
MinimumVisualStudioVersion = 10.0.40219.1
Project("{FAE04EC0-301F-11D3-BF4B-00C04F79EFBC}") = "AdventOfCode2018Day6", "AdventOfCode2018Day6\AdventOfCode2018Day6.csproj", "{B6D1D7D2-CF7D-4DBD-95DB-AF7BF62AD817}"
EndProject
Global
	GlobalSection(SolutionConfigurationPlatforms) = preSolution
		Debug|Any CPU = Debug|Any CPU
		Release|Any CPU = Release|Any CPU
	EndGlobalSection
	GlobalSection(ProjectConfigurationPlatforms) = postSolution
		{B6D1D7D2-CF7D-4DBD-95DB-AF7BF62AD817}.Debug|Any CPU.ActiveCfg = Debug|Any CPU
		{B6D1D7D2-CF7D-4DBD-95DB-AF7BF62AD817}.Debug|Any CPU.Build.0 = Debug|Any CPU
		{B6D1D7D2-CF7D-4DBD-95DB-AF7BF62AD817}.Release|Any CPU.ActiveCfg = Release|Any CPU
		{B6D1D7D2-CF7D-4DBD-95DB-AF7BF62AD817}.Release|Any CPU.Build.0 = Release|Any CPU
	EndGlobalSection
	GlobalSection(SolutionProperties) = preSolution
		HideSolutionNode = FALSE
	EndGlobalSection
	GlobalSection(ExtensibilityGlobals) = postSolution
		SolutionGuid = {D153287E-33D5-4C68-A55C-9BE615D1F642}
	EndGlobalSection
EndGlobal
